
Microsoft Visual Studio Solution File, Format Version 12.00
# Visual Studio Version 17
VisualStudioVersion = 17.5.002.0
MinimumVisualStudioVersion = 10.0.40219.1
Project("{9A19103F-16F7-4668-BE54-9A1E7A4F7556}") = "SfChat", "SfChat.csproj", "{2D5BCEE7-F909-4BDF-AC2D-47857C039A7B}"
EndProject
Global
	GlobalSection(SolutionConfigurationPlatforms) = preSolution
		Debug|Any CPU = Debug|Any CPU
		Release|Any CPU = Release|Any CPU
	EndGlobalSection
	GlobalSection(ProjectConfigurationPlatforms) = postSolution
		{2D5BCEE7-F909-4BDF-AC2D-47857C039A7B}.Debug|Any CPU.ActiveCfg = Debug|Any CPU
		{2D5BCEE7-F909-4BDF-AC2D-47857C039A7B}.Debug|Any CPU.Build.0 = Debug|Any CPU
		{2D5BCEE7-F909-4BDF-AC2D-47857C039A7B}.Release|Any CPU.ActiveCfg = Release|Any CPU
		{2D5BCEE7-F909-4BDF-AC2D-47857C039A7B}.Release|Any CPU.Build.0 = Release|Any CPU
	EndGlobalSection
	GlobalSection(SolutionProperties) = preSolution
		HideSolutionNode = FALSE
	EndGlobalSection
	GlobalSection(ExtensibilityGlobals) = postSolution
		SolutionGuid = {79ED4D4B-8EB5-4FED-8A99-BDE117964582}
	EndGlobalSection
EndGlobal
